// !$*UTF8*$!
{
	archiveVersion = 1;
	classes = {
	};
	objectVersion = 46;
	objects = {

/* Begin PBXBuildFile section */
		116D23D042297E33B2D63D02 /* libPods.a in Frameworks */ = {isa = PBXBuildFile; fileRef = CE27327042BDA62222BEAE3E /* libPods.a */; };
		545EAA911C16B620008FA18A /* EmergencyViewController.m in Sources */ = {isa = PBXBuildFile; fileRef = 545EAA901C16B620008FA18A /* EmergencyViewController.m */; };
		545EAA951C16BA75008FA18A /* Police.png in Resources */ = {isa = PBXBuildFile; fileRef = 545EAA941C16BA75008FA18A /* Police.png */; };
		545EAACA1C16E7AE008FA18A /* Call.png in Resources */ = {isa = PBXBuildFile; fileRef = 545EAAC91C16E7AE008FA18A /* Call.png */; };
		545EAACC1C16E806008FA18A /* ShareLocation.png in Resources */ = {isa = PBXBuildFile; fileRef = 545EAACB1C16E806008FA18A /* ShareLocation.png */; };
		5476F9831C11F999001A18CF /* Ambulance.png in Resources */ = {isa = PBXBuildFile; fileRef = 5476F9821C11F999001A18CF /* Ambulance.png */; };
		5476F9851C11FAA4001A18CF /* Fire.png in Resources */ = {isa = PBXBuildFile; fileRef = 5476F9841C11FAA4001A18CF /* Fire.png */; };
		547741821C11E19400C5E2BA /* TabbarViewController.m in Sources */ = {isa = PBXBuildFile; fileRef = 547741811C11E19400C5E2BA /* TabbarViewController.m */; };
		547741A01C11E76500C5E2BA /* Emergency@2x.png in Resources */ = {isa = PBXBuildFile; fileRef = 5477419F1C11E76500C5E2BA /* Emergency@2x.png */; };
		547741B11C11EE5D00C5E2BA /* Filing@2x.png in Resources */ = {isa = PBXBuildFile; fileRef = 547741AF1C11EE5D00C5E2BA /* Filing@2x.png */; };
		547741B21C11EE5D00C5E2BA /* Status@2x.png in Resources */ = {isa = PBXBuildFile; fileRef = 547741B01C11EE5D00C5E2BA /* Status@2x.png */; };
		54E18CC61C11AF9D00939F08 /* motorcycle-accident-hand-drawn-cartoon-characters-31896266.jpg in Resources */ = {isa = PBXBuildFile; fileRef = 54E18CC51C11AF9D00939F08 /* motorcycle-accident-hand-drawn-cartoon-characters-31896266.jpg */; };
		54E18CC81C11B4D600939F08 /* toonvectors-15209-140.jpg in Resources */ = {isa = PBXBuildFile; fileRef = 54E18CC71C11B4D600939F08 /* toonvectors-15209-140.jpg */; };
		54E18CD01C11B61D00939F08 /* document.JPG in Resources */ = {isa = PBXBuildFile; fileRef = 54E18CCF1C11B61D00939F08 /* document.JPG */; };
		B1072C251C11716200F7BBB7 /* SubmitViewController.m in Sources */ = {isa = PBXBuildFile; fileRef = B1072C241C11716200F7BBB7 /* SubmitViewController.m */; };
		B1072C281C11788C00F7BBB7 /* DataSource.m in Sources */ = {isa = PBXBuildFile; fileRef = B1072C271C11788C00F7BBB7 /* DataSource.m */; };
		B1072C311C117FD500F7BBB7 /* FIRUser.m in Sources */ = {isa = PBXBuildFile; fileRef = B1072C301C117FD500F7BBB7 /* FIRUser.m */; };
		B1072C341C1183D800F7BBB7 /* FIRAccidentMetaData.m in Sources */ = {isa = PBXBuildFile; fileRef = B1072C331C1183D800F7BBB7 /* FIRAccidentMetaData.m */; };
		B1072C361C11865A00F7BBB7 /* CoreLocation.framework in Frameworks */ = {isa = PBXBuildFile; fileRef = B1072C351C11865A00F7BBB7 /* CoreLocation.framework */; };
		B11409251C10B3F10033F0F5 /* Fabric.framework in Frameworks */ = {isa = PBXBuildFile; fileRef = B11409211C10B3F10033F0F5 /* Fabric.framework */; };
		B11409261C10B3F10033F0F5 /* DigitsKit.framework in Frameworks */ = {isa = PBXBuildFile; fileRef = B11409221C10B3F10033F0F5 /* DigitsKit.framework */; };
		B11409271C10B3F10033F0F5 /* DigitsKitResources.bundle in Resources */ = {isa = PBXBuildFile; fileRef = B11409231C10B3F10033F0F5 /* DigitsKitResources.bundle */; };
		B11409281C10B3F10033F0F5 /* TwitterCore.framework in Frameworks */ = {isa = PBXBuildFile; fileRef = B11409241C10B3F10033F0F5 /* TwitterCore.framework */; };
		B114092C1C10B6500033F0F5 /* AddressBook.framework in Frameworks */ = {isa = PBXBuildFile; fileRef = B114092B1C10B6500033F0F5 /* AddressBook.framework */; };
		B114092E1C10B6570033F0F5 /* AddressBookUI.framework in Frameworks */ = {isa = PBXBuildFile; fileRef = B114092D1C10B6570033F0F5 /* AddressBookUI.framework */; };
		B11409301C10B6670033F0F5 /* CoreData.framework in Frameworks */ = {isa = PBXBuildFile; fileRef = B114092F1C10B6670033F0F5 /* CoreData.framework */; };
		B11409441C114FFE0033F0F5 /* libstdc++.6.0.9.tbd in Frameworks */ = {isa = PBXBuildFile; fileRef = B11409411C114FFE0033F0F5 /* libstdc++.6.0.9.tbd */; };
		B11409451C114FFE0033F0F5 /* libstdc++.6.tbd in Frameworks */ = {isa = PBXBuildFile; fileRef = B11409421C114FFE0033F0F5 /* libstdc++.6.tbd */; };
		B11409461C114FFE0033F0F5 /* libstdc++.tbd in Frameworks */ = {isa = PBXBuildFile; fileRef = B11409431C114FFE0033F0F5 /* libstdc++.tbd */; };
		B11409481C1150040033F0F5 /* CoreImage.framework in Frameworks */ = {isa = PBXBuildFile; fileRef = B11409471C1150040033F0F5 /* CoreImage.framework */; };
		B114094B1C1150DB0033F0F5 /* TextExtractor.m in Sources */ = {isa = PBXBuildFile; fileRef = B114094A1C1150DB0033F0F5 /* TextExtractor.m */; };
		B114094E1C1152540033F0F5 /* UIImage+BlackAndWhiteFilters.m in Sources */ = {isa = PBXBuildFile; fileRef = B114094D1C1152540033F0F5 /* UIImage+BlackAndWhiteFilters.m */; };
		B11409591C1162510033F0F5 /* UIImage+Resize.m in Sources */ = {isa = PBXBuildFile; fileRef = B11409581C1162510033F0F5 /* UIImage+Resize.m */; };
		B114095B1C1164400033F0F5 /* tessdata in Resources */ = {isa = PBXBuildFile; fileRef = B114095A1C1164400033F0F5 /* tessdata */; };
		B114095E1C1165040033F0F5 /* ImageMetaData.m in Sources */ = {isa = PBXBuildFile; fileRef = B114095D1C1165040033F0F5 /* ImageMetaData.m */; };
		B1624C2A1C167BBF001E897C /* FIRFaceDetector.m in Sources */ = {isa = PBXBuildFile; fileRef = B1624C291C167BBF001E897C /* FIRFaceDetector.m */; };
		B1624C2E1C167FD1001E897C /* FIRFileCollectionViewFooter.m in Sources */ = {isa = PBXBuildFile; fileRef = B1624C2C1C167FD1001E897C /* FIRFileCollectionViewFooter.m */; };
		B1624C2F1C167FD1001E897C /* FIRFileCollectionViewFooter.xib in Resources */ = {isa = PBXBuildFile; fileRef = B1624C2D1C167FD1001E897C /* FIRFileCollectionViewFooter.xib */; };
		B1624C3A1C1682EB001E897C /* FIRImageCollectionViewCell.m in Sources */ = {isa = PBXBuildFile; fileRef = B1624C381C1682EB001E897C /* FIRImageCollectionViewCell.m */; };
		B1624C3D1C168713001E897C /* placeholder_small.png in Resources */ = {isa = PBXBuildFile; fileRef = B1624C3C1C168713001E897C /* placeholder_small.png */; };
		B18E3E0E1C15E6970094A7EC /* SAMTextView.m in Sources */ = {isa = PBXBuildFile; fileRef = B18E3E0D1C15E6970094A7EC /* SAMTextView.m */; };
		B18E3E121C15F2D30094A7EC /* placeholder.png in Resources */ = {isa = PBXBuildFile; fileRef = B18E3E111C15F2D30094A7EC /* placeholder.png */; };
		B18E3E161C15F6F20094A7EC /* placeholder_large.png in Resources */ = {isa = PBXBuildFile; fileRef = B18E3E151C15F6F20094A7EC /* placeholder_large.png */; };
		B1B940251C11E186002306D3 /* accidentPlaceHolder.png in Resources */ = {isa = PBXBuildFile; fileRef = B1B940241C11E186002306D3 /* accidentPlaceHolder.png */; };
		B1D168BE1C102F8F0079E760 /* main.m in Sources */ = {isa = PBXBuildFile; fileRef = B1D168BD1C102F8F0079E760 /* main.m */; };
		B1D168C11C102F8F0079E760 /* AppDelegate.m in Sources */ = {isa = PBXBuildFile; fileRef = B1D168C01C102F8F0079E760 /* AppDelegate.m */; };
		B1D168C41C102F8F0079E760 /* FIRFileViewController.m in Sources */ = {isa = PBXBuildFile; fileRef = B1D168C31C102F8F0079E760 /* FIRFileViewController.m */; };
		B1D168C71C102F8F0079E760 /* StatusViewController.m in Sources */ = {isa = PBXBuildFile; fileRef = B1D168C61C102F8F0079E760 /* StatusViewController.m */; };
		B1D168CA1C102F8F0079E760 /* Main.storyboard in Resources */ = {isa = PBXBuildFile; fileRef = B1D168C81C102F8F0079E760 /* Main.storyboard */; };
		B1D168CC1C102F900079E760 /* Assets.xcassets in Resources */ = {isa = PBXBuildFile; fileRef = B1D168CB1C102F900079E760 /* Assets.xcassets */; };
		B1D168CF1C102F900079E760 /* LaunchScreen.storyboard in Resources */ = {isa = PBXBuildFile; fileRef = B1D168CD1C102F900079E760 /* LaunchScreen.storyboard */; };
		B1F447CB1C1191DD00DCEA3A /* TesseractOCR.framework in Frameworks */ = {isa = PBXBuildFile; fileRef = B114093F1C114F920033F0F5 /* TesseractOCR.framework */; };
		B1F447CF1C11A4D800DCEA3A /* FIRComplaintCell.m in Sources */ = {isa = PBXBuildFile; fileRef = B1F447CD1C11A4D800DCEA3A /* FIRComplaintCell.m */; };
		B1F447D01C11A4D800DCEA3A /* FIRComplaintCell.xib in Resources */ = {isa = PBXBuildFile; fileRef = B1F447CE1C11A4D800DCEA3A /* FIRComplaintCell.xib */; };
/* End PBXBuildFile section */

/* Begin PBXFileReference section */
		2468E4E2E5581C6775293673 /* Pods.debug.xcconfig */ = {isa = PBXFileReference; includeInIndex = 1; lastKnownFileType = text.xcconfig; name = Pods.debug.xcconfig; path = "Pods/Target Support Files/Pods/Pods.debug.xcconfig"; sourceTree = "<group>"; };
		545EAA8F1C16B620008FA18A /* EmergencyViewController.h */ = {isa = PBXFileReference; fileEncoding = 4; lastKnownFileType = sourcecode.c.h; path = EmergencyViewController.h; sourceTree = "<group>"; };
		545EAA901C16B620008FA18A /* EmergencyViewController.m */ = {isa = PBXFileReference; fileEncoding = 4; lastKnownFileType = sourcecode.c.objc; path = EmergencyViewController.m; sourceTree = "<group>"; };
		545EAA941C16BA75008FA18A /* Police.png */ = {isa = PBXFileReference; lastKnownFileType = image.png; path = Police.png; sourceTree = "<group>"; };
		545EAAC91C16E7AE008FA18A /* Call.png */ = {isa = PBXFileReference; lastKnownFileType = image.png; path = Call.png; sourceTree = "<group>"; };
		545EAACB1C16E806008FA18A /* ShareLocation.png */ = {isa = PBXFileReference; lastKnownFileType = image.png; path = ShareLocation.png; sourceTree = "<group>"; };
		5476F9821C11F999001A18CF /* Ambulance.png */ = {isa = PBXFileReference; lastKnownFileType = image.png; path = Ambulance.png; sourceTree = "<group>"; };
		5476F9841C11FAA4001A18CF /* Fire.png */ = {isa = PBXFileReference; lastKnownFileType = image.png; path = Fire.png; sourceTree = "<group>"; };
		547741801C11E19400C5E2BA /* TabbarViewController.h */ = {isa = PBXFileReference; fileEncoding = 4; lastKnownFileType = sourcecode.c.h; path = TabbarViewController.h; sourceTree = "<group>"; };
		547741811C11E19400C5E2BA /* TabbarViewController.m */ = {isa = PBXFileReference; fileEncoding = 4; lastKnownFileType = sourcecode.c.objc; path = TabbarViewController.m; sourceTree = "<group>"; };
		5477419F1C11E76500C5E2BA /* Emergency@2x.png */ = {isa = PBXFileReference; lastKnownFileType = image.png; path = "Emergency@2x.png"; sourceTree = "<group>"; };
		547741AF1C11EE5D00C5E2BA /* Filing@2x.png */ = {isa = PBXFileReference; lastKnownFileType = image.png; path = "Filing@2x.png"; sourceTree = "<group>"; };
		547741B01C11EE5D00C5E2BA /* Status@2x.png */ = {isa = PBXFileReference; lastKnownFileType = image.png; path = "Status@2x.png"; sourceTree = "<group>"; };
		54E18CC51C11AF9D00939F08 /* motorcycle-accident-hand-drawn-cartoon-characters-31896266.jpg */ = {isa = PBXFileReference; lastKnownFileType = image.jpeg; path = "motorcycle-accident-hand-drawn-cartoon-characters-31896266.jpg"; sourceTree = "<group>"; };
		54E18CC71C11B4D600939F08 /* toonvectors-15209-140.jpg */ = {isa = PBXFileReference; lastKnownFileType = image.jpeg; path = "toonvectors-15209-140.jpg"; sourceTree = "<group>"; };
		54E18CCF1C11B61D00939F08 /* document.JPG */ = {isa = PBXFileReference; lastKnownFileType = image.jpeg; path = document.JPG; sourceTree = "<group>"; };
		B1072C231C11716200F7BBB7 /* SubmitViewController.h */ = {isa = PBXFileReference; fileEncoding = 4; lastKnownFileType = sourcecode.c.h; path = SubmitViewController.h; sourceTree = "<group>"; };
		B1072C241C11716200F7BBB7 /* SubmitViewController.m */ = {isa = PBXFileReference; fileEncoding = 4; lastKnownFileType = sourcecode.c.objc; path = SubmitViewController.m; sourceTree = "<group>"; };
		B1072C261C11788C00F7BBB7 /* DataSource.h */ = {isa = PBXFileReference; fileEncoding = 4; lastKnownFileType = sourcecode.c.h; path = DataSource.h; sourceTree = "<group>"; };
		B1072C271C11788C00F7BBB7 /* DataSource.m */ = {isa = PBXFileReference; fileEncoding = 4; lastKnownFileType = sourcecode.c.objc; path = DataSource.m; sourceTree = "<group>"; };
		B1072C2F1C117FD500F7BBB7 /* FIRUser.h */ = {isa = PBXFileReference; fileEncoding = 4; lastKnownFileType = sourcecode.c.h; path = FIRUser.h; sourceTree = "<group>"; };
		B1072C301C117FD500F7BBB7 /* FIRUser.m */ = {isa = PBXFileReference; fileEncoding = 4; lastKnownFileType = sourcecode.c.objc; path = FIRUser.m; sourceTree = "<group>"; };
		B1072C321C1183D800F7BBB7 /* FIRAccidentMetaData.h */ = {isa = PBXFileReference; fileEncoding = 4; lastKnownFileType = sourcecode.c.h; path = FIRAccidentMetaData.h; sourceTree = "<group>"; };
		B1072C331C1183D800F7BBB7 /* FIRAccidentMetaData.m */ = {isa = PBXFileReference; fileEncoding = 4; lastKnownFileType = sourcecode.c.objc; path = FIRAccidentMetaData.m; sourceTree = "<group>"; };
		B1072C351C11865A00F7BBB7 /* CoreLocation.framework */ = {isa = PBXFileReference; lastKnownFileType = wrapper.framework; name = CoreLocation.framework; path = System/Library/Frameworks/CoreLocation.framework; sourceTree = SDKROOT; };
		B11409211C10B3F10033F0F5 /* Fabric.framework */ = {isa = PBXFileReference; lastKnownFileType = wrapper.framework; path = Fabric.framework; sourceTree = SOURCE_ROOT; };
		B11409221C10B3F10033F0F5 /* DigitsKit.framework */ = {isa = PBXFileReference; lastKnownFileType = wrapper.framework; path = DigitsKit.framework; sourceTree = SOURCE_ROOT; };
		B11409231C10B3F10033F0F5 /* DigitsKitResources.bundle */ = {isa = PBXFileReference; lastKnownFileType = "wrapper.plug-in"; name = DigitsKitResources.bundle; path = DigitsKit.framework/Versions/A/Resources/DigitsKitResources.bundle; sourceTree = SOURCE_ROOT; };
		B11409241C10B3F10033F0F5 /* TwitterCore.framework */ = {isa = PBXFileReference; lastKnownFileType = wrapper.framework; path = TwitterCore.framework; sourceTree = SOURCE_ROOT; };
		B114092B1C10B6500033F0F5 /* AddressBook.framework */ = {isa = PBXFileReference; lastKnownFileType = wrapper.framework; name = AddressBook.framework; path = System/Library/Frameworks/AddressBook.framework; sourceTree = SDKROOT; };
		B114092D1C10B6570033F0F5 /* AddressBookUI.framework */ = {isa = PBXFileReference; lastKnownFileType = wrapper.framework; name = AddressBookUI.framework; path = System/Library/Frameworks/AddressBookUI.framework; sourceTree = SDKROOT; };
		B114092F1C10B6670033F0F5 /* CoreData.framework */ = {isa = PBXFileReference; lastKnownFileType = wrapper.framework; name = CoreData.framework; path = System/Library/Frameworks/CoreData.framework; sourceTree = SDKROOT; };
		B114093F1C114F920033F0F5 /* TesseractOCR.framework */ = {isa = PBXFileReference; lastKnownFileType = wrapper.framework; name = TesseractOCR.framework; path = "Tesseract Resources/TesseractOCR.framework"; sourceTree = "<group>"; };
		B11409411C114FFE0033F0F5 /* libstdc++.6.0.9.tbd */ = {isa = PBXFileReference; lastKnownFileType = "sourcecode.text-based-dylib-definition"; name = "libstdc++.6.0.9.tbd"; path = "usr/lib/libstdc++.6.0.9.tbd"; sourceTree = SDKROOT; };
		B11409421C114FFE0033F0F5 /* libstdc++.6.tbd */ = {isa = PBXFileReference; lastKnownFileType = "sourcecode.text-based-dylib-definition"; name = "libstdc++.6.tbd"; path = "usr/lib/libstdc++.6.tbd"; sourceTree = SDKROOT; };
		B11409431C114FFE0033F0F5 /* libstdc++.tbd */ = {isa = PBXFileReference; lastKnownFileType = "sourcecode.text-based-dylib-definition"; name = "libstdc++.tbd"; path = "usr/lib/libstdc++.tbd"; sourceTree = SDKROOT; };
		B11409471C1150040033F0F5 /* CoreImage.framework */ = {isa = PBXFileReference; lastKnownFileType = wrapper.framework; name = CoreImage.framework; path = System/Library/Frameworks/CoreImage.framework; sourceTree = SDKROOT; };
		B11409491C1150DB0033F0F5 /* TextExtractor.h */ = {isa = PBXFileReference; fileEncoding = 4; lastKnownFileType = sourcecode.c.h; path = TextExtractor.h; sourceTree = "<group>"; };
		B114094A1C1150DB0033F0F5 /* TextExtractor.m */ = {isa = PBXFileReference; fileEncoding = 4; lastKnownFileType = sourcecode.c.objc; path = TextExtractor.m; sourceTree = "<group>"; };
		B114094C1C1152540033F0F5 /* UIImage+BlackAndWhiteFilters.h */ = {isa = PBXFileReference; fileEncoding = 4; lastKnownFileType = sourcecode.c.h; name = "UIImage+BlackAndWhiteFilters.h"; path = "../UIImage+BlackAndWhiteFilters.h"; sourceTree = "<group>"; };
		B114094D1C1152540033F0F5 /* UIImage+BlackAndWhiteFilters.m */ = {isa = PBXFileReference; fileEncoding = 4; lastKnownFileType = sourcecode.c.objc; name = "UIImage+BlackAndWhiteFilters.m"; path = "../UIImage+BlackAndWhiteFilters.m"; sourceTree = "<group>"; };
		B11409571C1162510033F0F5 /* UIImage+Resize.h */ = {isa = PBXFileReference; fileEncoding = 4; lastKnownFileType = sourcecode.c.h; path = "UIImage+Resize.h"; sourceTree = "<group>"; };
		B11409581C1162510033F0F5 /* UIImage+Resize.m */ = {isa = PBXFileReference; fileEncoding = 4; lastKnownFileType = sourcecode.c.objc; path = "UIImage+Resize.m"; sourceTree = "<group>"; };
		B114095A1C1164400033F0F5 /* tessdata */ = {isa = PBXFileReference; lastKnownFileType = folder; path = tessdata; sourceTree = "<group>"; };
		B114095C1C1165040033F0F5 /* ImageMetaData.h */ = {isa = PBXFileReference; fileEncoding = 4; lastKnownFileType = sourcecode.c.h; path = ImageMetaData.h; sourceTree = "<group>"; };
		B114095D1C1165040033F0F5 /* ImageMetaData.m */ = {isa = PBXFileReference; fileEncoding = 4; lastKnownFileType = sourcecode.c.objc; path = ImageMetaData.m; sourceTree = "<group>"; };
		B1624C281C167BBF001E897C /* FIRFaceDetector.h */ = {isa = PBXFileReference; fileEncoding = 4; lastKnownFileType = sourcecode.c.h; path = FIRFaceDetector.h; sourceTree = "<group>"; };
		B1624C291C167BBF001E897C /* FIRFaceDetector.m */ = {isa = PBXFileReference; fileEncoding = 4; lastKnownFileType = sourcecode.c.objc; path = FIRFaceDetector.m; sourceTree = "<group>"; };
		B1624C2B1C167FD1001E897C /* FIRFileCollectionViewFooter.h */ = {isa = PBXFileReference; fileEncoding = 4; lastKnownFileType = sourcecode.c.h; path = FIRFileCollectionViewFooter.h; sourceTree = "<group>"; };
		B1624C2C1C167FD1001E897C /* FIRFileCollectionViewFooter.m */ = {isa = PBXFileReference; fileEncoding = 4; lastKnownFileType = sourcecode.c.objc; path = FIRFileCollectionViewFooter.m; sourceTree = "<group>"; };
		B1624C2D1C167FD1001E897C /* FIRFileCollectionViewFooter.xib */ = {isa = PBXFileReference; fileEncoding = 4; lastKnownFileType = file.xib; path = FIRFileCollectionViewFooter.xib; sourceTree = "<group>"; };
		B1624C371C1682EB001E897C /* FIRImageCollectionViewCell.h */ = {isa = PBXFileReference; fileEncoding = 4; lastKnownFileType = sourcecode.c.h; path = FIRImageCollectionViewCell.h; sourceTree = "<group>"; };
		B1624C381C1682EB001E897C /* FIRImageCollectionViewCell.m */ = {isa = PBXFileReference; fileEncoding = 4; lastKnownFileType = sourcecode.c.objc; path = FIRImageCollectionViewCell.m; sourceTree = "<group>"; };
		B1624C3C1C168713001E897C /* placeholder_small.png */ = {isa = PBXFileReference; lastKnownFileType = image.png; path = placeholder_small.png; sourceTree = "<group>"; };
		B18E3E0C1C15E6970094A7EC /* SAMTextView.h */ = {isa = PBXFileReference; fileEncoding = 4; lastKnownFileType = sourcecode.c.h; path = SAMTextView.h; sourceTree = "<group>"; };
		B18E3E0D1C15E6970094A7EC /* SAMTextView.m */ = {isa = PBXFileReference; fileEncoding = 4; lastKnownFileType = sourcecode.c.objc; path = SAMTextView.m; sourceTree = "<group>"; };
		B18E3E111C15F2D30094A7EC /* placeholder.png */ = {isa = PBXFileReference; lastKnownFileType = image.png; path = placeholder.png; sourceTree = "<group>"; };
		B18E3E151C15F6F20094A7EC /* placeholder_large.png */ = {isa = PBXFileReference; lastKnownFileType = image.png; path = placeholder_large.png; sourceTree = "<group>"; };
		B1B940241C11E186002306D3 /* accidentPlaceHolder.png */ = {isa = PBXFileReference; lastKnownFileType = image.png; path = accidentPlaceHolder.png; sourceTree = "<group>"; };
		B1D168B91C102F8F0079E760 /* mFIR.app */ = {isa = PBXFileReference; explicitFileType = wrapper.application; includeInIndex = 0; path = mFIR.app; sourceTree = BUILT_PRODUCTS_DIR; };
		B1D168BD1C102F8F0079E760 /* main.m */ = {isa = PBXFileReference; lastKnownFileType = sourcecode.c.objc; path = main.m; sourceTree = "<group>"; };
		B1D168BF1C102F8F0079E760 /* AppDelegate.h */ = {isa = PBXFileReference; lastKnownFileType = sourcecode.c.h; path = AppDelegate.h; sourceTree = "<group>"; };
		B1D168C01C102F8F0079E760 /* AppDelegate.m */ = {isa = PBXFileReference; lastKnownFileType = sourcecode.c.objc; path = AppDelegate.m; sourceTree = "<group>"; };
		B1D168C21C102F8F0079E760 /* FIRFileViewController.h */ = {isa = PBXFileReference; lastKnownFileType = sourcecode.c.h; path = FIRFileViewController.h; sourceTree = "<group>"; };
		B1D168C31C102F8F0079E760 /* FIRFileViewController.m */ = {isa = PBXFileReference; lastKnownFileType = sourcecode.c.objc; path = FIRFileViewController.m; sourceTree = "<group>"; };
		B1D168C51C102F8F0079E760 /* StatusViewController.h */ = {isa = PBXFileReference; lastKnownFileType = sourcecode.c.h; path = StatusViewController.h; sourceTree = "<group>"; };
		B1D168C61C102F8F0079E760 /* StatusViewController.m */ = {isa = PBXFileReference; lastKnownFileType = sourcecode.c.objc; path = StatusViewController.m; sourceTree = "<group>"; };
		B1D168C91C102F8F0079E760 /* Base */ = {isa = PBXFileReference; lastKnownFileType = file.storyboard; name = Base; path = Base.lproj/Main.storyboard; sourceTree = "<group>"; };
		B1D168CB1C102F900079E760 /* Assets.xcassets */ = {isa = PBXFileReference; lastKnownFileType = folder.assetcatalog; path = Assets.xcassets; sourceTree = "<group>"; };
		B1D168CE1C102F900079E760 /* Base */ = {isa = PBXFileReference; lastKnownFileType = file.storyboard; name = Base; path = Base.lproj/LaunchScreen.storyboard; sourceTree = "<group>"; };
		B1D168D01C102F900079E760 /* Info.plist */ = {isa = PBXFileReference; lastKnownFileType = text.plist.xml; path = Info.plist; sourceTree = "<group>"; };
		B1F447CC1C11A4D800DCEA3A /* FIRComplaintCell.h */ = {isa = PBXFileReference; fileEncoding = 4; lastKnownFileType = sourcecode.c.h; path = FIRComplaintCell.h; sourceTree = "<group>"; };
		B1F447CD1C11A4D800DCEA3A /* FIRComplaintCell.m */ = {isa = PBXFileReference; fileEncoding = 4; lastKnownFileType = sourcecode.c.objc; path = FIRComplaintCell.m; sourceTree = "<group>"; };
		B1F447CE1C11A4D800DCEA3A /* FIRComplaintCell.xib */ = {isa = PBXFileReference; fileEncoding = 4; lastKnownFileType = file.xib; path = FIRComplaintCell.xib; sourceTree = "<group>"; };
		C61F0AB145FE38C667092794 /* Pods.release.xcconfig */ = {isa = PBXFileReference; includeInIndex = 1; lastKnownFileType = text.xcconfig; name = Pods.release.xcconfig; path = "Pods/Target Support Files/Pods/Pods.release.xcconfig"; sourceTree = "<group>"; };
		CE27327042BDA62222BEAE3E /* libPods.a */ = {isa = PBXFileReference; explicitFileType = archive.ar; includeInIndex = 0; path = libPods.a; sourceTree = BUILT_PRODUCTS_DIR; };
/* End PBXFileReference section */

/* Begin PBXFrameworksBuildPhase section */
		B1D168B61C102F8F0079E760 /* Frameworks */ = {
			isa = PBXFrameworksBuildPhase;
			buildActionMask = 2147483647;
			files = (
				B1F447CB1C1191DD00DCEA3A /* TesseractOCR.framework in Frameworks */,
				B1072C361C11865A00F7BBB7 /* CoreLocation.framework in Frameworks */,
				B11409481C1150040033F0F5 /* CoreImage.framework in Frameworks */,
				B11409441C114FFE0033F0F5 /* libstdc++.6.0.9.tbd in Frameworks */,
				B11409451C114FFE0033F0F5 /* libstdc++.6.tbd in Frameworks */,
				B11409461C114FFE0033F0F5 /* libstdc++.tbd in Frameworks */,
				B11409301C10B6670033F0F5 /* CoreData.framework in Frameworks */,
				B114092E1C10B6570033F0F5 /* AddressBookUI.framework in Frameworks */,
				B114092C1C10B6500033F0F5 /* AddressBook.framework in Frameworks */,
				B11409251C10B3F10033F0F5 /* Fabric.framework in Frameworks */,
				B11409281C10B3F10033F0F5 /* TwitterCore.framework in Frameworks */,
				B11409261C10B3F10033F0F5 /* DigitsKit.framework in Frameworks */,
				116D23D042297E33B2D63D02 /* libPods.a in Frameworks */,
			);
			runOnlyForDeploymentPostprocessing = 0;
		};
/* End PBXFrameworksBuildPhase section */

/* Begin PBXGroup section */
		20AA80C624B1E5210AEA8DAE /* Frameworks */ = {
			isa = PBXGroup;
			children = (
				B1072C351C11865A00F7BBB7 /* CoreLocation.framework */,
				B11409471C1150040033F0F5 /* CoreImage.framework */,
				B11409411C114FFE0033F0F5 /* libstdc++.6.0.9.tbd */,
				B11409421C114FFE0033F0F5 /* libstdc++.6.tbd */,
				B11409431C114FFE0033F0F5 /* libstdc++.tbd */,
				B114093F1C114F920033F0F5 /* TesseractOCR.framework */,
				B114092F1C10B6670033F0F5 /* CoreData.framework */,
				B114092D1C10B6570033F0F5 /* AddressBookUI.framework */,
				B114092B1C10B6500033F0F5 /* AddressBook.framework */,
				CE27327042BDA62222BEAE3E /* libPods.a */,
			);
			name = Frameworks;
			sourceTree = "<group>";
		};
		998D46A76D8AC4AB8F42F7D3 /* Pods */ = {
			isa = PBXGroup;
			children = (
				2468E4E2E5581C6775293673 /* Pods.debug.xcconfig */,
				C61F0AB145FE38C667092794 /* Pods.release.xcconfig */,
			);
			name = Pods;
			sourceTree = "<group>";
		};
		B1072C291C11789600F7BBB7 /* Views */ = {
			isa = PBXGroup;
			children = (
				B18E3E0C1C15E6970094A7EC /* SAMTextView.h */,
				B18E3E0D1C15E6970094A7EC /* SAMTextView.m */,
				B1F447CC1C11A4D800DCEA3A /* FIRComplaintCell.h */,
				B1F447CD1C11A4D800DCEA3A /* FIRComplaintCell.m */,
				B1F447CE1C11A4D800DCEA3A /* FIRComplaintCell.xib */,
				B1624C2B1C167FD1001E897C /* FIRFileCollectionViewFooter.h */,
				B1624C2C1C167FD1001E897C /* FIRFileCollectionViewFooter.m */,
				B1624C2D1C167FD1001E897C /* FIRFileCollectionViewFooter.xib */,
				B1624C371C1682EB001E897C /* FIRImageCollectionViewCell.h */,
				B1624C381C1682EB001E897C /* FIRImageCollectionViewCell.m */,
			);
			name = Views;
			sourceTree = "<group>";
		};
		B1072C2A1C1178A900F7BBB7 /* ViewControllers */ = {
			isa = PBXGroup;
			children = (
				B1072C231C11716200F7BBB7 /* SubmitViewController.h */,
				B1072C241C11716200F7BBB7 /* SubmitViewController.m */,
				B1D168C21C102F8F0079E760 /* FIRFileViewController.h */,
				B1D168C31C102F8F0079E760 /* FIRFileViewController.m */,
				B1D168C51C102F8F0079E760 /* StatusViewController.h */,
				B1D168C61C102F8F0079E760 /* StatusViewController.m */,
				547741801C11E19400C5E2BA /* TabbarViewController.h */,
				547741811C11E19400C5E2BA /* TabbarViewController.m */,
				545EAA8F1C16B620008FA18A /* EmergencyViewController.h */,
				545EAA901C16B620008FA18A /* EmergencyViewController.m */,
			);
			name = ViewControllers;
			sourceTree = "<group>";
		};
		B1072C2C1C1178CC00F7BBB7 /* App Life Cycle */ = {
			isa = PBXGroup;
			children = (
				B1D168BF1C102F8F0079E760 /* AppDelegate.h */,
				B1D168C01C102F8F0079E760 /* AppDelegate.m */,
				B1D168C81C102F8F0079E760 /* Main.storyboard */,
			);
			name = "App Life Cycle";
			sourceTree = "<group>";
		};
		B1072C2D1C1178EF00F7BBB7 /* DataModel */ = {
			isa = PBXGroup;
			children = (
				B114095C1C1165040033F0F5 /* ImageMetaData.h */,
				B114095D1C1165040033F0F5 /* ImageMetaData.m */,
				B1072C261C11788C00F7BBB7 /* DataSource.h */,
				B1072C271C11788C00F7BBB7 /* DataSource.m */,
				B1072C2F1C117FD500F7BBB7 /* FIRUser.h */,
				B1072C301C117FD500F7BBB7 /* FIRUser.m */,
				B1072C321C1183D800F7BBB7 /* FIRAccidentMetaData.h */,
				B1072C331C1183D800F7BBB7 /* FIRAccidentMetaData.m */,
			);
			name = DataModel;
			sourceTree = "<group>";
		};
		B1072C2E1C11790E00F7BBB7 /* Utility */ = {
			isa = PBXGroup;
			children = (
				B11409491C1150DB0033F0F5 /* TextExtractor.h */,
				B114094A1C1150DB0033F0F5 /* TextExtractor.m */,
				B114094C1C1152540033F0F5 /* UIImage+BlackAndWhiteFilters.h */,
				B114094D1C1152540033F0F5 /* UIImage+BlackAndWhiteFilters.m */,
				B11409571C1162510033F0F5 /* UIImage+Resize.h */,
				B11409581C1162510033F0F5 /* UIImage+Resize.m */,
				B1624C281C167BBF001E897C /* FIRFaceDetector.h */,
				B1624C291C167BBF001E897C /* FIRFaceDetector.m */,
			);
			name = Utility;
			sourceTree = "<group>";
		};
		B1D168B01C102F8F0079E760 = {
			isa = PBXGroup;
			children = (
				B1D168BB1C102F8F0079E760 /* FIR */,
				B1D168BA1C102F8F0079E760 /* Products */,
				998D46A76D8AC4AB8F42F7D3 /* Pods */,
				20AA80C624B1E5210AEA8DAE /* Frameworks */,
			);
			sourceTree = "<group>";
		};
		B1D168BA1C102F8F0079E760 /* Products */ = {
			isa = PBXGroup;
			children = (
				B1D168B91C102F8F0079E760 /* mFIR.app */,
			);
			name = Products;
			sourceTree = "<group>";
		};
		B1D168BB1C102F8F0079E760 /* FIR */ = {
			isa = PBXGroup;
			children = (
				B1072C2C1C1178CC00F7BBB7 /* App Life Cycle */,
				B1072C2A1C1178A900F7BBB7 /* ViewControllers */,
				B1072C291C11789600F7BBB7 /* Views */,
				B1072C2D1C1178EF00F7BBB7 /* DataModel */,
				B1072C2E1C11790E00F7BBB7 /* Utility */,
				B1D168BC1C102F8F0079E760 /* Supporting Files */,
			);
			path = FIR;
			sourceTree = "<group>";
		};
		B1D168BC1C102F8F0079E760 /* Supporting Files */ = {
			isa = PBXGroup;
			children = (
				545EAACB1C16E806008FA18A /* ShareLocation.png */,
				545EAAC91C16E7AE008FA18A /* Call.png */,
				B18E3E151C15F6F20094A7EC /* placeholder_large.png */,
				545EAA941C16BA75008FA18A /* Police.png */,
				B1624C3C1C168713001E897C /* placeholder_small.png */,
				B18E3E111C15F2D30094A7EC /* placeholder.png */,
				5476F9841C11FAA4001A18CF /* Fire.png */,
				5476F9821C11F999001A18CF /* Ambulance.png */,
				547741AF1C11EE5D00C5E2BA /* Filing@2x.png */,
				547741B01C11EE5D00C5E2BA /* Status@2x.png */,
				B1B940241C11E186002306D3 /* accidentPlaceHolder.png */,
				5477419F1C11E76500C5E2BA /* Emergency@2x.png */,
				54E18CCF1C11B61D00939F08 /* document.JPG */,
				54E18CC71C11B4D600939F08 /* toonvectors-15209-140.jpg */,
				54E18CC51C11AF9D00939F08 /* motorcycle-accident-hand-drawn-cartoon-characters-31896266.jpg */,
				B1D168CB1C102F900079E760 /* Assets.xcassets */,
				B1D168CD1C102F900079E760 /* LaunchScreen.storyboard */,
				B1D168D01C102F900079E760 /* Info.plist */,
				B114095A1C1164400033F0F5 /* tessdata */,
				B11409211C10B3F10033F0F5 /* Fabric.framework */,
				B11409221C10B3F10033F0F5 /* DigitsKit.framework */,
				B11409231C10B3F10033F0F5 /* DigitsKitResources.bundle */,
				B11409241C10B3F10033F0F5 /* TwitterCore.framework */,
				B1D168BD1C102F8F0079E760 /* main.m */,
			);
			name = "Supporting Files";
			sourceTree = "<group>";
		};
/* End PBXGroup section */

/* Begin PBXNativeTarget section */
		B1D168B81C102F8F0079E760 /* mFIR */ = {
			isa = PBXNativeTarget;
			buildConfigurationList = B1D168D31C102F900079E760 /* Build configuration list for PBXNativeTarget "mFIR" */;
			buildPhases = (
				AEFB8C95C4554529FBC6F637 /* Check Pods Manifest.lock */,
				B1D168B51C102F8F0079E760 /* Sources */,
				B1D168B61C102F8F0079E760 /* Frameworks */,
				B1D168B71C102F8F0079E760 /* Resources */,
				BBE13A39F728DF15814615A6 /* Embed Pods Frameworks */,
				4A4C87D2047066737F3E7BA0 /* Copy Pods Resources */,
				B114092A1C10B6280033F0F5 /* ShellScript */,
			);
			buildRules = (
			);
			dependencies = (
			);
			name = mFIR;
			productName = FIR;
			productReference = B1D168B91C102F8F0079E760 /* mFIR.app */;
			productType = "com.apple.product-type.application";
		};
/* End PBXNativeTarget section */

/* Begin PBXProject section */
		B1D168B11C102F8F0079E760 /* Project object */ = {
			isa = PBXProject;
			attributes = {
				LastUpgradeCheck = 0710;
				ORGANIZATIONNAME = Vijay;
				TargetAttributes = {
					B1D168B81C102F8F0079E760 = {
						CreatedOnToolsVersion = 7.1;
					};
				};
			};
			buildConfigurationList = B1D168B41C102F8F0079E760 /* Build configuration list for PBXProject "FIR" */;
			compatibilityVersion = "Xcode 3.2";
			developmentRegion = English;
			hasScannedForEncodings = 0;
			knownRegions = (
				en,
				Base,
			);
			mainGroup = B1D168B01C102F8F0079E760;
			productRefGroup = B1D168BA1C102F8F0079E760 /* Products */;
			projectDirPath = "";
			projectRoot = "";
			targets = (
				B1D168B81C102F8F0079E760 /* mFIR */,
			);
		};
/* End PBXProject section */

/* Begin PBXResourcesBuildPhase section */
		B1D168B71C102F8F0079E760 /* Resources */ = {
			isa = PBXResourcesBuildPhase;
			buildActionMask = 2147483647;
			files = (
				B11409271C10B3F10033F0F5 /* DigitsKitResources.bundle in Resources */,
				545EAACA1C16E7AE008FA18A /* Call.png in Resources */,
				5476F9851C11FAA4001A18CF /* Fire.png in Resources */,
				B18E3E121C15F2D30094A7EC /* placeholder.png in Resources */,
				B1D168CF1C102F900079E760 /* LaunchScreen.storyboard in Resources */,
				B1D168CC1C102F900079E760 /* Assets.xcassets in Resources */,
				B1624C3D1C168713001E897C /* placeholder_small.png in Resources */,
				547741B21C11EE5D00C5E2BA /* Status@2x.png in Resources */,
				545EAACC1C16E806008FA18A /* ShareLocation.png in Resources */,
				B1D168CA1C102F8F0079E760 /* Main.storyboard in Resources */,
				547741B11C11EE5D00C5E2BA /* Filing@2x.png in Resources */,
				B1B940251C11E186002306D3 /* accidentPlaceHolder.png in Resources */,
				B1F447D01C11A4D800DCEA3A /* FIRComplaintCell.xib in Resources */,
				545EAA951C16BA75008FA18A /* Police.png in Resources */,
				54E18CC61C11AF9D00939F08 /* motorcycle-accident-hand-drawn-cartoon-characters-31896266.jpg in Resources */,
				54E18CC81C11B4D600939F08 /* toonvectors-15209-140.jpg in Resources */,
				5476F9831C11F999001A18CF /* Ambulance.png in Resources */,
				547741A01C11E76500C5E2BA /* Emergency@2x.png in Resources */,
				B1624C2F1C167FD1001E897C /* FIRFileCollectionViewFooter.xib in Resources */,
				54E18CD01C11B61D00939F08 /* document.JPG in Resources */,
				B114095B1C1164400033F0F5 /* tessdata in Resources */,
				B18E3E161C15F6F20094A7EC /* placeholder_large.png in Resources */,
			);
			runOnlyForDeploymentPostprocessing = 0;
		};
/* End PBXResourcesBuildPhase section */

/* Begin PBXShellScriptBuildPhase section */
		4A4C87D2047066737F3E7BA0 /* Copy Pods Resources */ = {
			isa = PBXShellScriptBuildPhase;
			buildActionMask = 2147483647;
			files = (
			);
			inputPaths = (
			);
			name = "Copy Pods Resources";
			outputPaths = (
			);
			runOnlyForDeploymentPostprocessing = 0;
			shellPath = /bin/sh;
			shellScript = "\"${SRCROOT}/Pods/Target Support Files/Pods/Pods-resources.sh\"\n";
			showEnvVarsInLog = 0;
		};
		AEFB8C95C4554529FBC6F637 /* Check Pods Manifest.lock */ = {
			isa = PBXShellScriptBuildPhase;
			buildActionMask = 2147483647;
			files = (
			);
			inputPaths = (
			);
			name = "Check Pods Manifest.lock";
			outputPaths = (
			);
			runOnlyForDeploymentPostprocessing = 0;
			shellPath = /bin/sh;
			shellScript = "diff \"${PODS_ROOT}/../Podfile.lock\" \"${PODS_ROOT}/Manifest.lock\" > /dev/null\nif [[ $? != 0 ]] ; then\n    cat << EOM\nerror: The sandbox is not in sync with the Podfile.lock. Run 'pod install' or update your CocoaPods installation.\nEOM\n    exit 1\nfi\n";
			showEnvVarsInLog = 0;
		};
		B114092A1C10B6280033F0F5 /* ShellScript */ = {
			isa = PBXShellScriptBuildPhase;
			buildActionMask = 2147483647;
			files = (
			);
			inputPaths = (
			);
			outputPaths = (
			);
			runOnlyForDeploymentPostprocessing = 0;
			shellPath = /bin/sh;
			shellScript = "./Fabric.framework/run a158ed92adc33849add174bc6f7fb20fc8ba2fa6 60ebe5f7c0afae81320b2d59dccc1285dfe88b14eb75d9e775447f0487921899";
		};
		BBE13A39F728DF15814615A6 /* Embed Pods Frameworks */ = {
			isa = PBXShellScriptBuildPhase;
			buildActionMask = 2147483647;
			files = (
			);
			inputPaths = (
			);
			name = "Embed Pods Frameworks";
			outputPaths = (
			);
			runOnlyForDeploymentPostprocessing = 0;
			shellPath = /bin/sh;
			shellScript = "\"${SRCROOT}/Pods/Target Support Files/Pods/Pods-frameworks.sh\"\n";
			showEnvVarsInLog = 0;
		};
/* End PBXShellScriptBuildPhase section */

/* Begin PBXSourcesBuildPhase section */
		B1D168B51C102F8F0079E760 /* Sources */ = {
			isa = PBXSourcesBuildPhase;
			buildActionMask = 2147483647;
			files = (
				B1D168C71C102F8F0079E760 /* StatusViewController.m in Sources */,
				B1624C3A1C1682EB001E897C /* FIRImageCollectionViewCell.m in Sources */,
				B1072C281C11788C00F7BBB7 /* DataSource.m in Sources */,
				B1D168C11C102F8F0079E760 /* AppDelegate.m in Sources */,
				B18E3E0E1C15E6970094A7EC /* SAMTextView.m in Sources */,
				B1D168C41C102F8F0079E760 /* FIRFileViewController.m in Sources */,
				B1624C2A1C167BBF001E897C /* FIRFaceDetector.m in Sources */,
				B1D168BE1C102F8F0079E760 /* main.m in Sources */,
				B11409591C1162510033F0F5 /* UIImage+Resize.m in Sources */,
				B1F447CF1C11A4D800DCEA3A /* FIRComplaintCell.m in Sources */,
				B114094B1C1150DB0033F0F5 /* TextExtractor.m in Sources */,
				B1624C2E1C167FD1001E897C /* FIRFileCollectionViewFooter.m in Sources */,
				B1072C341C1183D800F7BBB7 /* FIRAccidentMetaData.m in Sources */,
				B1072C251C11716200F7BBB7 /* SubmitViewController.m in Sources */,
				547741821C11E19400C5E2BA /* TabbarViewController.m in Sources */,
				B114095E1C1165040033F0F5 /* ImageMetaData.m in Sources */,
				B114094E1C1152540033F0F5 /* UIImage+BlackAndWhiteFilters.m in Sources */,
				B1072C311C117FD500F7BBB7 /* FIRUser.m in Sources */,
				545EAA911C16B620008FA18A /* EmergencyViewController.m in Sources */,
			);
			runOnlyForDeploymentPostprocessing = 0;
		};
/* End PBXSourcesBuildPhase section */

/* Begin PBXVariantGroup section */
		B1D168C81C102F8F0079E760 /* Main.storyboard */ = {
			isa = PBXVariantGroup;
			children = (
				B1D168C91C102F8F0079E760 /* Base */,
			);
			name = Main.storyboard;
			sourceTree = "<group>";
		};
		B1D168CD1C102F900079E760 /* LaunchScreen.storyboard */ = {
			isa = PBXVariantGroup;
			children = (
				B1D168CE1C102F900079E760 /* Base */,
			);
			name = LaunchScreen.storyboard;
			sourceTree = "<group>";
		};
/* End PBXVariantGroup section */

/* Begin XCBuildConfiguration section */
		B1D168D11C102F900079E760 /* Debug */ = {
			isa = XCBuildConfiguration;
			buildSettings = {
				ALWAYS_SEARCH_USER_PATHS = NO;
				CLANG_CXX_LANGUAGE_STANDARD = "gnu++0x";
				CLANG_CXX_LIBRARY = "libc++";
				CLANG_ENABLE_MODULES = YES;
				CLANG_ENABLE_OBJC_ARC = YES;
				CLANG_WARN_BOOL_CONVERSION = YES;
				CLANG_WARN_CONSTANT_CONVERSION = YES;
				CLANG_WARN_DIRECT_OBJC_ISA_USAGE = YES_ERROR;
				CLANG_WARN_EMPTY_BODY = YES;
				CLANG_WARN_ENUM_CONVERSION = YES;
				CLANG_WARN_INT_CONVERSION = YES;
				CLANG_WARN_OBJC_ROOT_CLASS = YES_ERROR;
				CLANG_WARN_UNREACHABLE_CODE = YES;
				CLANG_WARN__DUPLICATE_METHOD_MATCH = YES;
				"CODE_SIGN_IDENTITY[sdk=iphoneos*]" = "iPhone Developer";
				COPY_PHASE_STRIP = NO;
				DEBUG_INFORMATION_FORMAT = dwarf;
				ENABLE_STRICT_OBJC_MSGSEND = YES;
				ENABLE_TESTABILITY = YES;
				GCC_C_LANGUAGE_STANDARD = gnu99;
				GCC_DYNAMIC_NO_PIC = NO;
				GCC_NO_COMMON_BLOCKS = YES;
				GCC_OPTIMIZATION_LEVEL = 0;
				GCC_PREPROCESSOR_DEFINITIONS = (
					"DEBUG=1",
					"$(inherited)",
				);
				GCC_WARN_64_TO_32_BIT_CONVERSION = YES;
				GCC_WARN_ABOUT_RETURN_TYPE = YES_ERROR;
				GCC_WARN_UNDECLARED_SELECTOR = YES;
				GCC_WARN_UNINITIALIZED_AUTOS = YES_AGGRESSIVE;
				GCC_WARN_UNUSED_FUNCTION = YES;
				GCC_WARN_UNUSED_VARIABLE = YES;
				IPHONEOS_DEPLOYMENT_TARGET = 9.1;
				MTL_ENABLE_DEBUG_INFO = YES;
				ONLY_ACTIVE_ARCH = YES;
				SDKROOT = iphoneos;
				TARGETED_DEVICE_FAMILY = "1,2";
			};
			name = Debug;
		};
		B1D168D21C102F900079E760 /* Release */ = {
			isa = XCBuildConfiguration;
			buildSettings = {
				ALWAYS_SEARCH_USER_PATHS = NO;
				CLANG_CXX_LANGUAGE_STANDARD = "gnu++0x";
				CLANG_CXX_LIBRARY = "libc++";
				CLANG_ENABLE_MODULES = YES;
				CLANG_ENABLE_OBJC_ARC = YES;
				CLANG_WARN_BOOL_CONVERSION = YES;
				CLANG_WARN_CONSTANT_CONVERSION = YES;
				CLANG_WARN_DIRECT_OBJC_ISA_USAGE = YES_ERROR;
				CLANG_WARN_EMPTY_BODY = YES;
				CLANG_WARN_ENUM_CONVERSION = YES;
				CLANG_WARN_INT_CONVERSION = YES;
				CLANG_WARN_OBJC_ROOT_CLASS = YES_ERROR;
				CLANG_WARN_UNREACHABLE_CODE = YES;
				CLANG_WARN__DUPLICATE_METHOD_MATCH = YES;
				"CODE_SIGN_IDENTITY[sdk=iphoneos*]" = "iPhone Developer";
				COPY_PHASE_STRIP = NO;
				DEBUG_INFORMATION_FORMAT = "dwarf-with-dsym";
				ENABLE_NS_ASSERTIONS = NO;
				ENABLE_STRICT_OBJC_MSGSEND = YES;
				GCC_C_LANGUAGE_STANDARD = gnu99;
				GCC_NO_COMMON_BLOCKS = YES;
				GCC_WARN_64_TO_32_BIT_CONVERSION = YES;
				GCC_WARN_ABOUT_RETURN_TYPE = YES_ERROR;
				GCC_WARN_UNDECLARED_SELECTOR = YES;
				GCC_WARN_UNINITIALIZED_AUTOS = YES_AGGRESSIVE;
				GCC_WARN_UNUSED_FUNCTION = YES;
				GCC_WARN_UNUSED_VARIABLE = YES;
				IPHONEOS_DEPLOYMENT_TARGET = 9.1;
				MTL_ENABLE_DEBUG_INFO = NO;
				SDKROOT = iphoneos;
				TARGETED_DEVICE_FAMILY = "1,2";
				VALIDATE_PRODUCT = YES;
			};
			name = Release;
		};
		B1D168D41C102F900079E760 /* Debug */ = {
			isa = XCBuildConfiguration;
			baseConfigurationReference = 2468E4E2E5581C6775293673 /* Pods.debug.xcconfig */;
			buildSettings = {
				ASSETCATALOG_COMPILER_APPICON_NAME = AppIcon;
				ENABLE_BITCODE = NO;
				FRAMEWORK_SEARCH_PATHS = (
					"$(inherited)",
					"$(PROJECT_DIR)",
					"$(PROJECT_DIR)/Tesseract/**",
					Resources,
				);
				HEADER_SEARCH_PATHS = (
					"$(inherited)",
					"\"${PODS_ROOT}/Headers/Public\"",
					"\"${PODS_ROOT}/Headers/Public/Bolts\"",
					"\"${PODS_ROOT}/Headers/Public/Parse\"",
				);
				INFOPLIST_FILE = FIR/Info.plist;
				LD_RUNPATH_SEARCH_PATHS = "$(inherited) @executable_path/Frameworks";
				PRODUCT_BUNDLE_IDENTIFIER = "com.vijay.-fir.FIR";
				PRODUCT_NAME = "$(TARGET_NAME)";
			};
			name = Debug;
		};
		B1D168D51C102F900079E760 /* Release */ = {
			isa = XCBuildConfiguration;
			baseConfigurationReference = C61F0AB145FE38C667092794 /* Pods.release.xcconfig */;
			buildSettings = {
				ASSETCATALOG_COMPILER_APPICON_NAME = AppIcon;
				ENABLE_BITCODE = NO;
				FRAMEWORK_SEARCH_PATHS = (
					"$(inherited)",
					"$(PROJECT_DIR)",
					"$(PROJECT_DIR)/Tesseract/**",
					Resources,
				);
				HEADER_SEARCH_PATHS = (
					"$(inherited)",
					"\"${PODS_ROOT}/Headers/Public\"",
					"\"${PODS_ROOT}/Headers/Public/Bolts\"",
					"\"${PODS_ROOT}/Headers/Public/Parse\"",
				);
				INFOPLIST_FILE = FIR/Info.plist;
				LD_RUNPATH_SEARCH_PATHS = "$(inherited) @executable_path/Frameworks";
				PRODUCT_BUNDLE_IDENTIFIER = "com.vijay.-fir.FIR";
				PRODUCT_NAME = "$(TARGET_NAME)";
			};
			name = Release;
		};
/* End XCBuildConfiguration section */

/* Begin XCConfigurationList section */
		B1D168B41C102F8F0079E760 /* Build configuration list for PBXProject "FIR" */ = {
			isa = XCConfigurationList;
			buildConfigurations = (
				B1D168D11C102F900079E760 /* Debug */,
				B1D168D21C102F900079E760 /* Release */,
			);
			defaultConfigurationIsVisible = 0;
			defaultConfigurationName = Release;
		};
		B1D168D31C102F900079E760 /* Build configuration list for PBXNativeTarget "mFIR" */ = {
			isa = XCConfigurationList;
			buildConfigurations = (
				B1D168D41C102F900079E760 /* Debug */,
				B1D168D51C102F900079E760 /* Release */,
			);
			defaultConfigurationIsVisible = 0;
			defaultConfigurationName = Release;
		};
/* End XCConfigurationList section */
	};
	rootObject = B1D168B11C102F8F0079E760 /* Project object */;
}
